
Microsoft Visual Studio Solution File, Format Version 12.00
# Visual Studio Version 17
VisualStudioVersion = 17.7.34031.279
MinimumVisualStudioVersion = 10.0.40219.1
Project("{FAE04EC0-301F-11D3-BF4B-00C04F79EFBC}") = "University", "University.csproj", "{CFBA67D2-8868-4F2E-AA64-9A7EA1DFEFE3}"
EndProject
Global
	GlobalSection(SolutionConfigurationPlatforms) = preSolution
		Debug|Any CPU = Debug|Any CPU
		Release|Any CPU = Release|Any CPU
	EndGlobalSection
	GlobalSection(ProjectConfigurationPlatforms) = postSolution
		{CFBA67D2-8868-4F2E-AA64-9A7EA1DFEFE3}.Debug|Any CPU.ActiveCfg = Debug|Any CPU
		{CFBA67D2-8868-4F2E-AA64-9A7EA1DFEFE3}.Debug|Any CPU.Build.0 = Debug|Any CPU
		{CFBA67D2-8868-4F2E-AA64-9A7EA1DFEFE3}.Release|Any CPU.ActiveCfg = Release|Any CPU
		{CFBA67D2-8868-4F2E-AA64-9A7EA1DFEFE3}.Release|Any CPU.Build.0 = Release|Any CPU
	EndGlobalSection
	GlobalSection(SolutionProperties) = preSolution
		HideSolutionNode = FALSE
	EndGlobalSection
	GlobalSection(ExtensibilityGlobals) = postSolution
		SolutionGuid = {31576486-4EC1-4371-8720-CAC5267097C2}
	EndGlobalSection
EndGlobal
